
Microsoft Visual Studio Solution File, Format Version 12.00
# Visual Studio Version 16
VisualStudioVersion = 16.0.28803.916
MinimumVisualStudioVersion = 10.0.40219.1
Project("{FAE04EC0-301F-11D3-BF4B-00C04F79EFBC}") = "Forms1", "Forms1\Forms1.csproj", "{7B779378-877C-4F81-9C84-2AA66DD3E6D7}"
EndProject
Global
	GlobalSection(SolutionConfigurationPlatforms) = preSolution
		Debug|Any CPU = Debug|Any CPU
		Release|Any CPU = Release|Any CPU
	EndGlobalSection
	GlobalSection(ProjectConfigurationPlatforms) = postSolution
		{7B779378-877C-4F81-9C84-2AA66DD3E6D7}.Debug|Any CPU.ActiveCfg = Debug|Any CPU
		{7B779378-877C-4F81-9C84-2AA66DD3E6D7}.Debug|Any CPU.Build.0 = Debug|Any CPU
		{7B779378-877C-4F81-9C84-2AA66DD3E6D7}.Release|Any CPU.ActiveCfg = Release|Any CPU
		{7B779378-877C-4F81-9C84-2AA66DD3E6D7}.Release|Any CPU.Build.0 = Release|Any CPU
	EndGlobalSection
	GlobalSection(SolutionProperties) = preSolution
		HideSolutionNode = FALSE
	EndGlobalSection
	GlobalSection(ExtensibilityGlobals) = postSolution
		SolutionGuid = {794D21F3-C4A7-49E4-96BF-870B9CBD013B}
	EndGlobalSection
EndGlobal
